// !$*UTF8*$!
{
	archiveVersion = 1;
	classes = {
	};
	objectVersion = 50;
	objects = {

/* Begin PBXBuildFile section */
		5121E152234C95D000331F49 /* GLCollectionViewFlowLayout.m in Sources */ = {isa = PBXBuildFile; fileRef = 5121E151234C95D000331F49 /* GLCollectionViewFlowLayout.m */; };
		5121E16E234C96A300331F49 /* NSLayoutConstraint+MASDebugAdditions.m in Sources */ = {isa = PBXBuildFile; fileRef = 5121E155234C96A300331F49 /* NSLayoutConstraint+MASDebugAdditions.m */; };
		5121E16F234C96A300331F49 /* ViewController+MASAdditions.m in Sources */ = {isa = PBXBuildFile; fileRef = 5121E15E234C96A300331F49 /* ViewController+MASAdditions.m */; };
		5121E170234C96A300331F49 /* MASCompositeConstraint.m in Sources */ = {isa = PBXBuildFile; fileRef = 5121E162234C96A300331F49 /* MASCompositeConstraint.m */; };
		5121E171234C96A300331F49 /* MASConstraintMaker.m in Sources */ = {isa = PBXBuildFile; fileRef = 5121E163234C96A300331F49 /* MASConstraintMaker.m */; };
		5121E172234C96A300331F49 /* MASLayoutConstraint.m in Sources */ = {isa = PBXBuildFile; fileRef = 5121E164234C96A300331F49 /* MASLayoutConstraint.m */; };
		5121E173234C96A300331F49 /* NSArray+MASAdditions.m in Sources */ = {isa = PBXBuildFile; fileRef = 5121E165234C96A300331F49 /* NSArray+MASAdditions.m */; };
		5121E174234C96A300331F49 /* View+MASAdditions.m in Sources */ = {isa = PBXBuildFile; fileRef = 5121E166234C96A300331F49 /* View+MASAdditions.m */; };
		5121E175234C96A300331F49 /* MASConstraint.m in Sources */ = {isa = PBXBuildFile; fileRef = 5121E169234C96A300331F49 /* MASConstraint.m */; };
		5121E176234C96A300331F49 /* MASViewConstraint.m in Sources */ = {isa = PBXBuildFile; fileRef = 5121E16B234C96A300331F49 /* MASViewConstraint.m */; };
		5121E177234C96A300331F49 /* MASViewAttribute.m in Sources */ = {isa = PBXBuildFile; fileRef = 5121E16C234C96A300331F49 /* MASViewAttribute.m */; };
		5121E181234CA2CF00331F49 /* NSObject+YYModel.m in Sources */ = {isa = PBXBuildFile; fileRef = 5121E17E234CA2CF00331F49 /* NSObject+YYModel.m */; };
		5121E182234CA2CF00331F49 /* YYClassInfo.m in Sources */ = {isa = PBXBuildFile; fileRef = 5121E17F234CA2CF00331F49 /* YYClassInfo.m */; };
		5121E185234CA38D00331F49 /* GLCollectionReusableView.m in Sources */ = {isa = PBXBuildFile; fileRef = 5121E184234CA38D00331F49 /* GLCollectionReusableView.m */; };
		514237D6230BA0920070D413 /* AppDelegate.m in Sources */ = {isa = PBXBuildFile; fileRef = 514237D5230BA0920070D413 /* AppDelegate.m */; };
		514237DC230BA0920070D413 /* Main.storyboard in Resources */ = {isa = PBXBuildFile; fileRef = 514237DA230BA0920070D413 /* Main.storyboard */; };
		514237DE230BA0920070D413 /* Assets.xcassets in Resources */ = {isa = PBXBuildFile; fileRef = 514237DD230BA0920070D413 /* Assets.xcassets */; };
		514237E1230BA0920070D413 /* LaunchScreen.storyboard in Resources */ = {isa = PBXBuildFile; fileRef = 514237DF230BA0920070D413 /* LaunchScreen.storyboard */; };
		514237E4230BA0920070D413 /* main.m in Sources */ = {isa = PBXBuildFile; fileRef = 514237E3230BA0920070D413 /* main.m */; };
		514237F1230BA28F0070D413 /* GLCollectionView.m in Sources */ = {isa = PBXBuildFile; fileRef = 514237F0230BA28F0070D413 /* GLCollectionView.m */; };
		514237F4230BA6020070D413 /* GLBaseViewModel.m in Sources */ = {isa = PBXBuildFile; fileRef = 514237F3230BA6020070D413 /* GLBaseViewModel.m */; };
		514237F7230BA6250070D413 /* GLBaseWidgetModel.m in Sources */ = {isa = PBXBuildFile; fileRef = 514237F6230BA6250070D413 /* GLBaseWidgetModel.m */; };
		514237FA230BA64A0070D413 /* GLBaseWidgetView.m in Sources */ = {isa = PBXBuildFile; fileRef = 514237F9230BA64A0070D413 /* GLBaseWidgetView.m */; };
		514FCC9A234D8E870009A5F4 /* GLCollectionViewLayoutAttributes.m in Sources */ = {isa = PBXBuildFile; fileRef = 514FCC99234D8E870009A5F4 /* GLCollectionViewLayoutAttributes.m */; };
		514FCC9D234D8F720009A5F4 /* UIView+GLExt.m in Sources */ = {isa = PBXBuildFile; fileRef = 514FCC9C234D8F720009A5F4 /* UIView+GLExt.m */; };
		514FCCA0234DB3120009A5F4 /* GLCollectionViewCell.m in Sources */ = {isa = PBXBuildFile; fileRef = 514FCC9F234DB3120009A5F4 /* GLCollectionViewCell.m */; };
		514FCCA4234DC1960009A5F4 /* HomeListViewModel.m in Sources */ = {isa = PBXBuildFile; fileRef = 514FCCA3234DC1960009A5F4 /* HomeListViewModel.m */; };
		514FCCA7234DC1AF0009A5F4 /* HomeListCell.m in Sources */ = {isa = PBXBuildFile; fileRef = 514FCCA6234DC1AF0009A5F4 /* HomeListCell.m */; };
		514FCCAA234DC1D10009A5F4 /* HomeListWidgetModel.m in Sources */ = {isa = PBXBuildFile; fileRef = 514FCCA9234DC1D10009A5F4 /* HomeListWidgetModel.m */; };
		514FCCAD234DCE4D0009A5F4 /* HomeViewController.m in Sources */ = {isa = PBXBuildFile; fileRef = 514FCCAC234DCE4D0009A5F4 /* HomeViewController.m */; };
		514FCCB2234DD52B0009A5F4 /* NormalViewController.m in Sources */ = {isa = PBXBuildFile; fileRef = 514FCCB1234DD52B0009A5F4 /* NormalViewController.m */; };
		514FCCB5234DD7E20009A5F4 /* BaseNavigationController.m in Sources */ = {isa = PBXBuildFile; fileRef = 514FCCB4234DD7E20009A5F4 /* BaseNavigationController.m */; };
		514FCCB8234DD8400009A5F4 /* BaseViewController.m in Sources */ = {isa = PBXBuildFile; fileRef = 514FCCB7234DD8400009A5F4 /* BaseViewController.m */; };
		514FCCBE234DE2AC0009A5F4 /* NormalListViewModel.m in Sources */ = {isa = PBXBuildFile; fileRef = 514FCCBD234DE2AC0009A5F4 /* NormalListViewModel.m */; };
		514FCCC1234DE4490009A5F4 /* NormalListWidgetModel.m in Sources */ = {isa = PBXBuildFile; fileRef = 514FCCC0234DE4490009A5F4 /* NormalListWidgetModel.m */; };
		514FCCC4234DE4710009A5F4 /* NormalListCell.m in Sources */ = {isa = PBXBuildFile; fileRef = 514FCCC3234DE4710009A5F4 /* NormalListCell.m */; };
		514FCCC7234DE8500009A5F4 /* NormalListHttpModel.m in Sources */ = {isa = PBXBuildFile; fileRef = 514FCCC6234DE8500009A5F4 /* NormalListHttpModel.m */; };
		518A198C23420BCC00B4CE7E /* GLCollectionReusableViewModel.m in Sources */ = {isa = PBXBuildFile; fileRef = 518A198B23420BCC00B4CE7E /* GLCollectionReusableViewModel.m */; };
		518A198F23420EA900B4CE7E /* GLBaseHttpModel.m in Sources */ = {isa = PBXBuildFile; fileRef = 518A198E23420EA900B4CE7E /* GLBaseHttpModel.m */; };
/* End PBXBuildFile section */

/* Begin PBXFileReference section */
		5121E150234C95D000331F49 /* GLCollectionViewFlowLayout.h */ = {isa = PBXFileReference; lastKnownFileType = sourcecode.c.h; path = GLCollectionViewFlowLayout.h; sourceTree = "<group>"; };
		5121E151234C95D000331F49 /* GLCollectionViewFlowLayout.m */ = {isa = PBXFileReference; lastKnownFileType = sourcecode.c.objc; path = GLCollectionViewFlowLayout.m; sourceTree = "<group>"; };
		5121E154234C96A300331F49 /* MASCompositeConstraint.h */ = {isa = PBXFileReference; fileEncoding = 4; lastKnownFileType = sourcecode.c.h; path = MASCompositeConstraint.h; sourceTree = "<group>"; };
		5121E155234C96A300331F49 /* NSLayoutConstraint+MASDebugAdditions.m */ = {isa = PBXFileReference; fileEncoding = 4; lastKnownFileType = sourcecode.c.objc; path = "NSLayoutConstraint+MASDebugAdditions.m"; sourceTree = "<group>"; };
		5121E156234C96A300331F49 /* MASConstraint+Private.h */ = {isa = PBXFileReference; fileEncoding = 4; lastKnownFileType = sourcecode.c.h; path = "MASConstraint+Private.h"; sourceTree = "<group>"; };
		5121E157234C96A300331F49 /* MASLayoutConstraint.h */ = {isa = PBXFileReference; fileEncoding = 4; lastKnownFileType = sourcecode.c.h; path = MASLayoutConstraint.h; sourceTree = "<group>"; };
		5121E158234C96A300331F49 /* NSArray+MASShorthandAdditions.h */ = {isa = PBXFileReference; fileEncoding = 4; lastKnownFileType = sourcecode.c.h; path = "NSArray+MASShorthandAdditions.h"; sourceTree = "<group>"; };
		5121E159234C96A300331F49 /* MASConstraintMaker.h */ = {isa = PBXFileReference; fileEncoding = 4; lastKnownFileType = sourcecode.c.h; path = MASConstraintMaker.h; sourceTree = "<group>"; };
		5121E15A234C96A300331F49 /* View+MASAdditions.h */ = {isa = PBXFileReference; fileEncoding = 4; lastKnownFileType = sourcecode.c.h; path = "View+MASAdditions.h"; sourceTree = "<group>"; };
		5121E15B234C96A300331F49 /* NSArray+MASAdditions.h */ = {isa = PBXFileReference; fileEncoding = 4; lastKnownFileType = sourcecode.c.h; path = "NSArray+MASAdditions.h"; sourceTree = "<group>"; };
		5121E15C234C96A300331F49 /* MASUtilities.h */ = {isa = PBXFileReference; fileEncoding = 4; lastKnownFileType = sourcecode.c.h; path = MASUtilities.h; sourceTree = "<group>"; };
		5121E15D234C96A300331F49 /* MASViewAttribute.h */ = {isa = PBXFileReference; fileEncoding = 4; lastKnownFileType = sourcecode.c.h; path = MASViewAttribute.h; sourceTree = "<group>"; };
		5121E15E234C96A300331F49 /* ViewController+MASAdditions.m */ = {isa = PBXFileReference; fileEncoding = 4; lastKnownFileType = sourcecode.c.objc; path = "ViewController+MASAdditions.m"; sourceTree = "<group>"; };
		5121E15F234C96A300331F49 /* MASViewConstraint.h */ = {isa = PBXFileReference; fileEncoding = 4; lastKnownFileType = sourcecode.c.h; path = MASViewConstraint.h; sourceTree = "<group>"; };
		5121E160234C96A300331F49 /* MASConstraint.h */ = {isa = PBXFileReference; fileEncoding = 4; lastKnownFileType = sourcecode.c.h; path = MASConstraint.h; sourceTree = "<group>"; };
		5121E161234C96A300331F49 /* NSLayoutConstraint+MASDebugAdditions.h */ = {isa = PBXFileReference; fileEncoding = 4; lastKnownFileType = sourcecode.c.h; path = "NSLayoutConstraint+MASDebugAdditions.h"; sourceTree = "<group>"; };
		5121E162234C96A300331F49 /* MASCompositeConstraint.m */ = {isa = PBXFileReference; fileEncoding = 4; lastKnownFileType = sourcecode.c.objc; path = MASCompositeConstraint.m; sourceTree = "<group>"; };
		5121E163234C96A300331F49 /* MASConstraintMaker.m */ = {isa = PBXFileReference; fileEncoding = 4; lastKnownFileType = sourcecode.c.objc; path = MASConstraintMaker.m; sourceTree = "<group>"; };
		5121E164234C96A300331F49 /* MASLayoutConstraint.m */ = {isa = PBXFileReference; fileEncoding = 4; lastKnownFileType = sourcecode.c.objc; path = MASLayoutConstraint.m; sourceTree = "<group>"; };
		5121E165234C96A300331F49 /* NSArray+MASAdditions.m */ = {isa = PBXFileReference; fileEncoding = 4; lastKnownFileType = sourcecode.c.objc; path = "NSArray+MASAdditions.m"; sourceTree = "<group>"; };
		5121E166234C96A300331F49 /* View+MASAdditions.m */ = {isa = PBXFileReference; fileEncoding = 4; lastKnownFileType = sourcecode.c.objc; path = "View+MASAdditions.m"; sourceTree = "<group>"; };
		5121E167234C96A300331F49 /* View+MASShorthandAdditions.h */ = {isa = PBXFileReference; fileEncoding = 4; lastKnownFileType = sourcecode.c.h; path = "View+MASShorthandAdditions.h"; sourceTree = "<group>"; };
		5121E168234C96A300331F49 /* Masonry.h */ = {isa = PBXFileReference; fileEncoding = 4; lastKnownFileType = sourcecode.c.h; path = Masonry.h; sourceTree = "<group>"; };
		5121E169234C96A300331F49 /* MASConstraint.m */ = {isa = PBXFileReference; fileEncoding = 4; lastKnownFileType = sourcecode.c.objc; path = MASConstraint.m; sourceTree = "<group>"; };
		5121E16A234C96A300331F49 /* ViewController+MASAdditions.h */ = {isa = PBXFileReference; fileEncoding = 4; lastKnownFileType = sourcecode.c.h; path = "ViewController+MASAdditions.h"; sourceTree = "<group>"; };
		5121E16B234C96A300331F49 /* MASViewConstraint.m */ = {isa = PBXFileReference; fileEncoding = 4; lastKnownFileType = sourcecode.c.objc; path = MASViewConstraint.m; sourceTree = "<group>"; };
		5121E16C234C96A300331F49 /* MASViewAttribute.m */ = {isa = PBXFileReference; fileEncoding = 4; lastKnownFileType = sourcecode.c.objc; path = MASViewAttribute.m; sourceTree = "<group>"; };
		5121E17A234C992200331F49 /* GlobalDefine.h */ = {isa = PBXFileReference; lastKnownFileType = sourcecode.c.h; path = GlobalDefine.h; sourceTree = "<group>"; };
		5121E17C234CA2CF00331F49 /* YYClassInfo.h */ = {isa = PBXFileReference; fileEncoding = 4; lastKnownFileType = sourcecode.c.h; path = YYClassInfo.h; sourceTree = "<group>"; };
		5121E17D234CA2CF00331F49 /* YYModel.h */ = {isa = PBXFileReference; fileEncoding = 4; lastKnownFileType = sourcecode.c.h; path = YYModel.h; sourceTree = "<group>"; };
		5121E17E234CA2CF00331F49 /* NSObject+YYModel.m */ = {isa = PBXFileReference; fileEncoding = 4; lastKnownFileType = sourcecode.c.objc; path = "NSObject+YYModel.m"; sourceTree = "<group>"; };
		5121E17F234CA2CF00331F49 /* YYClassInfo.m */ = {isa = PBXFileReference; fileEncoding = 4; lastKnownFileType = sourcecode.c.objc; path = YYClassInfo.m; sourceTree = "<group>"; };
		5121E180234CA2CF00331F49 /* NSObject+YYModel.h */ = {isa = PBXFileReference; fileEncoding = 4; lastKnownFileType = sourcecode.c.h; path = "NSObject+YYModel.h"; sourceTree = "<group>"; };
		5121E183234CA38D00331F49 /* GLCollectionReusableView.h */ = {isa = PBXFileReference; lastKnownFileType = sourcecode.c.h; path = GLCollectionReusableView.h; sourceTree = "<group>"; };
		5121E184234CA38D00331F49 /* GLCollectionReusableView.m */ = {isa = PBXFileReference; lastKnownFileType = sourcecode.c.objc; path = GLCollectionReusableView.m; sourceTree = "<group>"; };
		514237D1230BA0920070D413 /* GLBaseUIDemo.app */ = {isa = PBXFileReference; explicitFileType = wrapper.application; includeInIndex = 0; path = GLBaseUIDemo.app; sourceTree = BUILT_PRODUCTS_DIR; };
		514237D4230BA0920070D413 /* AppDelegate.h */ = {isa = PBXFileReference; lastKnownFileType = sourcecode.c.h; path = AppDelegate.h; sourceTree = "<group>"; };
		514237D5230BA0920070D413 /* AppDelegate.m */ = {isa = PBXFileReference; lastKnownFileType = sourcecode.c.objc; path = AppDelegate.m; sourceTree = "<group>"; };
		514237DB230BA0920070D413 /* Base */ = {isa = PBXFileReference; lastKnownFileType = file.storyboard; name = Base; path = Base.lproj/Main.storyboard; sourceTree = "<group>"; };
		514237DD230BA0920070D413 /* Assets.xcassets */ = {isa = PBXFileReference; lastKnownFileType = folder.assetcatalog; path = Assets.xcassets; sourceTree = "<group>"; };
		514237E0230BA0920070D413 /* Base */ = {isa = PBXFileReference; lastKnownFileType = file.storyboard; name = Base; path = Base.lproj/LaunchScreen.storyboard; sourceTree = "<group>"; };
		514237E2230BA0920070D413 /* Info.plist */ = {isa = PBXFileReference; lastKnownFileType = text.plist.xml; path = Info.plist; sourceTree = "<group>"; };
		514237E3230BA0920070D413 /* main.m */ = {isa = PBXFileReference; lastKnownFileType = sourcecode.c.objc; path = main.m; sourceTree = "<group>"; };
		514237EF230BA28F0070D413 /* GLCollectionView.h */ = {isa = PBXFileReference; lastKnownFileType = sourcecode.c.h; path = GLCollectionView.h; sourceTree = "<group>"; };
		514237F0230BA28F0070D413 /* GLCollectionView.m */ = {isa = PBXFileReference; lastKnownFileType = sourcecode.c.objc; path = GLCollectionView.m; sourceTree = "<group>"; };
		514237F2230BA6020070D413 /* GLBaseViewModel.h */ = {isa = PBXFileReference; lastKnownFileType = sourcecode.c.h; path = GLBaseViewModel.h; sourceTree = "<group>"; };
		514237F3230BA6020070D413 /* GLBaseViewModel.m */ = {isa = PBXFileReference; lastKnownFileType = sourcecode.c.objc; path = GLBaseViewModel.m; sourceTree = "<group>"; };
		514237F5230BA6250070D413 /* GLBaseWidgetModel.h */ = {isa = PBXFileReference; lastKnownFileType = sourcecode.c.h; path = GLBaseWidgetModel.h; sourceTree = "<group>"; };
		514237F6230BA6250070D413 /* GLBaseWidgetModel.m */ = {isa = PBXFileReference; lastKnownFileType = sourcecode.c.objc; path = GLBaseWidgetModel.m; sourceTree = "<group>"; };
		514237F8230BA64A0070D413 /* GLBaseWidgetView.h */ = {isa = PBXFileReference; lastKnownFileType = sourcecode.c.h; path = GLBaseWidgetView.h; sourceTree = "<group>"; };
		514237F9230BA64A0070D413 /* GLBaseWidgetView.m */ = {isa = PBXFileReference; lastKnownFileType = sourcecode.c.objc; path = GLBaseWidgetView.m; sourceTree = "<group>"; };
		514FCC98234D8E870009A5F4 /* GLCollectionViewLayoutAttributes.h */ = {isa = PBXFileReference; lastKnownFileType = sourcecode.c.h; path = GLCollectionViewLayoutAttributes.h; sourceTree = "<group>"; };
		514FCC99234D8E870009A5F4 /* GLCollectionViewLayoutAttributes.m */ = {isa = PBXFileReference; lastKnownFileType = sourcecode.c.objc; path = GLCollectionViewLayoutAttributes.m; sourceTree = "<group>"; };
		514FCC9B234D8F720009A5F4 /* UIView+GLExt.h */ = {isa = PBXFileReference; lastKnownFileType = sourcecode.c.h; path = "UIView+GLExt.h"; sourceTree = "<group>"; };
		514FCC9C234D8F720009A5F4 /* UIView+GLExt.m */ = {isa = PBXFileReference; lastKnownFileType = sourcecode.c.objc; path = "UIView+GLExt.m"; sourceTree = "<group>"; };
		514FCC9E234DB3120009A5F4 /* GLCollectionViewCell.h */ = {isa = PBXFileReference; lastKnownFileType = sourcecode.c.h; path = GLCollectionViewCell.h; sourceTree = "<group>"; };
		514FCC9F234DB3120009A5F4 /* GLCollectionViewCell.m */ = {isa = PBXFileReference; lastKnownFileType = sourcecode.c.objc; path = GLCollectionViewCell.m; sourceTree = "<group>"; };
		514FCCA1234DBB120009A5F4 /* GLBaseUI.h */ = {isa = PBXFileReference; lastKnownFileType = sourcecode.c.h; path = GLBaseUI.h; sourceTree = "<group>"; };
		514FCCA2234DC1960009A5F4 /* HomeListViewModel.h */ = {isa = PBXFileReference; lastKnownFileType = sourcecode.c.h; path = HomeListViewModel.h; sourceTree = "<group>"; };
		514FCCA3234DC1960009A5F4 /* HomeListViewModel.m */ = {isa = PBXFileReference; lastKnownFileType = sourcecode.c.objc; path = HomeListViewModel.m; sourceTree = "<group>"; };
		514FCCA5234DC1AF0009A5F4 /* HomeListCell.h */ = {isa = PBXFileReference; lastKnownFileType = sourcecode.c.h; path = HomeListCell.h; sourceTree = "<group>"; };
		514FCCA6234DC1AF0009A5F4 /* HomeListCell.m */ = {isa = PBXFileReference; lastKnownFileType = sourcecode.c.objc; path = HomeListCell.m; sourceTree = "<group>"; };
		514FCCA8234DC1D10009A5F4 /* HomeListWidgetModel.h */ = {isa = PBXFileReference; lastKnownFileType = sourcecode.c.h; path = HomeListWidgetModel.h; sourceTree = "<group>"; };
		514FCCA9234DC1D10009A5F4 /* HomeListWidgetModel.m */ = {isa = PBXFileReference; lastKnownFileType = sourcecode.c.objc; path = HomeListWidgetModel.m; sourceTree = "<group>"; };
		514FCCAB234DCE4D0009A5F4 /* HomeViewController.h */ = {isa = PBXFileReference; lastKnownFileType = sourcecode.c.h; path = HomeViewController.h; sourceTree = "<group>"; };
		514FCCAC234DCE4D0009A5F4 /* HomeViewController.m */ = {isa = PBXFileReference; lastKnownFileType = sourcecode.c.objc; path = HomeViewController.m; sourceTree = "<group>"; };
		514FCCB0234DD52B0009A5F4 /* NormalViewController.h */ = {isa = PBXFileReference; lastKnownFileType = sourcecode.c.h; path = NormalViewController.h; sourceTree = "<group>"; };
		514FCCB1234DD52B0009A5F4 /* NormalViewController.m */ = {isa = PBXFileReference; lastKnownFileType = sourcecode.c.objc; path = NormalViewController.m; sourceTree = "<group>"; };
		514FCCB3234DD7E20009A5F4 /* BaseNavigationController.h */ = {isa = PBXFileReference; lastKnownFileType = sourcecode.c.h; path = BaseNavigationController.h; sourceTree = "<group>"; };
		514FCCB4234DD7E20009A5F4 /* BaseNavigationController.m */ = {isa = PBXFileReference; lastKnownFileType = sourcecode.c.objc; path = BaseNavigationController.m; sourceTree = "<group>"; };
		514FCCB6234DD8400009A5F4 /* BaseViewController.h */ = {isa = PBXFileReference; lastKnownFileType = sourcecode.c.h; path = BaseViewController.h; sourceTree = "<group>"; };
		514FCCB7234DD8400009A5F4 /* BaseViewController.m */ = {isa = PBXFileReference; lastKnownFileType = sourcecode.c.objc; path = BaseViewController.m; sourceTree = "<group>"; };
		514FCCBA234DDA840009A5F4 /* Constant.h */ = {isa = PBXFileReference; lastKnownFileType = sourcecode.c.h; path = Constant.h; sourceTree = "<group>"; };
		514FCCBB234DDAA40009A5F4 /* PrefixHeader.pch */ = {isa = PBXFileReference; lastKnownFileType = sourcecode.c.h; path = PrefixHeader.pch; sourceTree = "<group>"; };
		514FCCBC234DE2AC0009A5F4 /* NormalListViewModel.h */ = {isa = PBXFileReference; lastKnownFileType = sourcecode.c.h; path = NormalListViewModel.h; sourceTree = "<group>"; };
		514FCCBD234DE2AC0009A5F4 /* NormalListViewModel.m */ = {isa = PBXFileReference; lastKnownFileType = sourcecode.c.objc; path = NormalListViewModel.m; sourceTree = "<group>"; };
		514FCCBF234DE4490009A5F4 /* NormalListWidgetModel.h */ = {isa = PBXFileReference; lastKnownFileType = sourcecode.c.h; path = NormalListWidgetModel.h; sourceTree = "<group>"; };
		514FCCC0234DE4490009A5F4 /* NormalListWidgetModel.m */ = {isa = PBXFileReference; lastKnownFileType = sourcecode.c.objc; path = NormalListWidgetModel.m; sourceTree = "<group>"; };
		514FCCC2234DE4710009A5F4 /* NormalListCell.h */ = {isa = PBXFileReference; lastKnownFileType = sourcecode.c.h; path = NormalListCell.h; sourceTree = "<group>"; };
		514FCCC3234DE4710009A5F4 /* NormalListCell.m */ = {isa = PBXFileReference; lastKnownFileType = sourcecode.c.objc; path = NormalListCell.m; sourceTree = "<group>"; };
		514FCCC5234DE8500009A5F4 /* NormalListHttpModel.h */ = {isa = PBXFileReference; lastKnownFileType = sourcecode.c.h; path = NormalListHttpModel.h; sourceTree = "<group>"; };
		514FCCC6234DE8500009A5F4 /* NormalListHttpModel.m */ = {isa = PBXFileReference; lastKnownFileType = sourcecode.c.objc; path = NormalListHttpModel.m; sourceTree = "<group>"; };
		518A198A23420BCC00B4CE7E /* GLCollectionReusableViewModel.h */ = {isa = PBXFileReference; lastKnownFileType = sourcecode.c.h; path = GLCollectionReusableViewModel.h; sourceTree = "<group>"; };
		518A198B23420BCC00B4CE7E /* GLCollectionReusableViewModel.m */ = {isa = PBXFileReference; lastKnownFileType = sourcecode.c.objc; path = GLCollectionReusableViewModel.m; sourceTree = "<group>"; };
		518A198D23420EA900B4CE7E /* GLBaseHttpModel.h */ = {isa = PBXFileReference; lastKnownFileType = sourcecode.c.h; path = GLBaseHttpModel.h; sourceTree = "<group>"; };
		518A198E23420EA900B4CE7E /* GLBaseHttpModel.m */ = {isa = PBXFileReference; lastKnownFileType = sourcecode.c.objc; path = GLBaseHttpModel.m; sourceTree = "<group>"; };
/* End PBXFileReference section */

/* Begin PBXFrameworksBuildPhase section */
		514237CE230BA0920070D413 /* Frameworks */ = {
			isa = PBXFrameworksBuildPhase;
			buildActionMask = 2147483647;
			files = (
			);
			runOnlyForDeploymentPostprocessing = 0;
		};
/* End PBXFrameworksBuildPhase section */

/* Begin PBXGroup section */
		5121E14F234C953300331F49 /* ThirdFile */ = {
			isa = PBXGroup;
			children = (
				5121E17B234CA2CF00331F49 /* YYModel */,
				5121E153234C96A300331F49 /* Masonry */,
			);
			path = ThirdFile;
			sourceTree = "<group>";
		};
		5121E153234C96A300331F49 /* Masonry */ = {
			isa = PBXGroup;
			children = (
				5121E154234C96A300331F49 /* MASCompositeConstraint.h */,
				5121E155234C96A300331F49 /* NSLayoutConstraint+MASDebugAdditions.m */,
				5121E156234C96A300331F49 /* MASConstraint+Private.h */,
				5121E157234C96A300331F49 /* MASLayoutConstraint.h */,
				5121E158234C96A300331F49 /* NSArray+MASShorthandAdditions.h */,
				5121E159234C96A300331F49 /* MASConstraintMaker.h */,
				5121E15A234C96A300331F49 /* View+MASAdditions.h */,
				5121E15B234C96A300331F49 /* NSArray+MASAdditions.h */,
				5121E15C234C96A300331F49 /* MASUtilities.h */,
				5121E15D234C96A300331F49 /* MASViewAttribute.h */,
				5121E15E234C96A300331F49 /* ViewController+MASAdditions.m */,
				5121E15F234C96A300331F49 /* MASViewConstraint.h */,
				5121E160234C96A300331F49 /* MASConstraint.h */,
				5121E161234C96A300331F49 /* NSLayoutConstraint+MASDebugAdditions.h */,
				5121E162234C96A300331F49 /* MASCompositeConstraint.m */,
				5121E163234C96A300331F49 /* MASConstraintMaker.m */,
				5121E164234C96A300331F49 /* MASLayoutConstraint.m */,
				5121E165234C96A300331F49 /* NSArray+MASAdditions.m */,
				5121E166234C96A300331F49 /* View+MASAdditions.m */,
				5121E167234C96A300331F49 /* View+MASShorthandAdditions.h */,
				5121E168234C96A300331F49 /* Masonry.h */,
				5121E169234C96A300331F49 /* MASConstraint.m */,
				5121E16A234C96A300331F49 /* ViewController+MASAdditions.h */,
				5121E16B234C96A300331F49 /* MASViewConstraint.m */,
				5121E16C234C96A300331F49 /* MASViewAttribute.m */,
			);
			path = Masonry;
			sourceTree = "<group>";
		};
		5121E179234C991100331F49 /* Utils */ = {
			isa = PBXGroup;
			children = (
				5121E17A234C992200331F49 /* GlobalDefine.h */,
				514FCC9B234D8F720009A5F4 /* UIView+GLExt.h */,
				514FCC9C234D8F720009A5F4 /* UIView+GLExt.m */,
			);
			path = Utils;
			sourceTree = "<group>";
		};
		5121E17B234CA2CF00331F49 /* YYModel */ = {
			isa = PBXGroup;
			children = (
				5121E17D234CA2CF00331F49 /* YYModel.h */,
				5121E17C234CA2CF00331F49 /* YYClassInfo.h */,
				5121E17F234CA2CF00331F49 /* YYClassInfo.m */,
				5121E180234CA2CF00331F49 /* NSObject+YYModel.h */,
				5121E17E234CA2CF00331F49 /* NSObject+YYModel.m */,
			);
			path = YYModel;
			sourceTree = "<group>";
		};
		514237C8230BA0920070D413 = {
			isa = PBXGroup;
			children = (
				514237D3230BA0920070D413 /* GLBaseUIDemo */,
				514237D2230BA0920070D413 /* Products */,
			);
			sourceTree = "<group>";
		};
		514237D2230BA0920070D413 /* Products */ = {
			isa = PBXGroup;
			children = (
				514237D1230BA0920070D413 /* GLBaseUIDemo.app */,
			);
			name = Products;
			sourceTree = "<group>";
		};
		514237D3230BA0920070D413 /* GLBaseUIDemo */ = {
			isa = PBXGroup;
			children = (
				514237EB230BA2450070D413 /* GLBaseUI */,
				514FCCB9234DDA640009A5F4 /* Utils */,
				514FCCAE234DD4950009A5F4 /* HomePage */,
				514FCCAF234DD4EB0009A5F4 /* NormalList */,
				514FCCB3234DD7E20009A5F4 /* BaseNavigationController.h */,
				514FCCB4234DD7E20009A5F4 /* BaseNavigationController.m */,
				514FCCB6234DD8400009A5F4 /* BaseViewController.h */,
				514FCCB7234DD8400009A5F4 /* BaseViewController.m */,
				514237D4230BA0920070D413 /* AppDelegate.h */,
				514237D5230BA0920070D413 /* AppDelegate.m */,
				514FCCBB234DDAA40009A5F4 /* PrefixHeader.pch */,
				514237DA230BA0920070D413 /* Main.storyboard */,
				514237DD230BA0920070D413 /* Assets.xcassets */,
				514237DF230BA0920070D413 /* LaunchScreen.storyboard */,
				514237E2230BA0920070D413 /* Info.plist */,
				514237E3230BA0920070D413 /* main.m */,
			);
			path = GLBaseUIDemo;
			sourceTree = "<group>";
		};
		514237EB230BA2450070D413 /* GLBaseUI */ = {
			isa = PBXGroup;
			children = (
				514FCCA1234DBB120009A5F4 /* GLBaseUI.h */,
				5121E179234C991100331F49 /* Utils */,
				5121E14F234C953300331F49 /* ThirdFile */,
				514237ED230BA2450070D413 /* GLCollectionView */,
				514237EC230BA2450070D413 /* Model */,
				514237EE230BA2450070D413 /* GLWidgetView */,
			);
			path = GLBaseUI;
			sourceTree = "<group>";
		};
		514237EC230BA2450070D413 /* Model */ = {
			isa = PBXGroup;
			children = (
				514237F5230BA6250070D413 /* GLBaseWidgetModel.h */,
				514237F6230BA6250070D413 /* GLBaseWidgetModel.m */,
				514237F2230BA6020070D413 /* GLBaseViewModel.h */,
				514237F3230BA6020070D413 /* GLBaseViewModel.m */,
				518A198A23420BCC00B4CE7E /* GLCollectionReusableViewModel.h */,
				518A198B23420BCC00B4CE7E /* GLCollectionReusableViewModel.m */,
				518A198D23420EA900B4CE7E /* GLBaseHttpModel.h */,
				518A198E23420EA900B4CE7E /* GLBaseHttpModel.m */,
			);
			path = Model;
			sourceTree = "<group>";
		};
		514237ED230BA2450070D413 /* GLCollectionView */ = {
			isa = PBXGroup;
			children = (
				514237EF230BA28F0070D413 /* GLCollectionView.h */,
				514237F0230BA28F0070D413 /* GLCollectionView.m */,
				514FCC9E234DB3120009A5F4 /* GLCollectionViewCell.h */,
				514FCC9F234DB3120009A5F4 /* GLCollectionViewCell.m */,
				5121E150234C95D000331F49 /* GLCollectionViewFlowLayout.h */,
				5121E151234C95D000331F49 /* GLCollectionViewFlowLayout.m */,
				5121E183234CA38D00331F49 /* GLCollectionReusableView.h */,
				5121E184234CA38D00331F49 /* GLCollectionReusableView.m */,
				514FCC98234D8E870009A5F4 /* GLCollectionViewLayoutAttributes.h */,
				514FCC99234D8E870009A5F4 /* GLCollectionViewLayoutAttributes.m */,
			);
			path = GLCollectionView;
			sourceTree = "<group>";
		};
		514237EE230BA2450070D413 /* GLWidgetView */ = {
			isa = PBXGroup;
			children = (
				514237F8230BA64A0070D413 /* GLBaseWidgetView.h */,
				514237F9230BA64A0070D413 /* GLBaseWidgetView.m */,
			);
			path = GLWidgetView;
			sourceTree = "<group>";
		};
		514FCCAE234DD4950009A5F4 /* HomePage */ = {
			isa = PBXGroup;
			children = (
				514FCCAB234DCE4D0009A5F4 /* HomeViewController.h */,
				514FCCAC234DCE4D0009A5F4 /* HomeViewController.m */,
				514FCCA8234DC1D10009A5F4 /* HomeListWidgetModel.h */,
				514FCCA9234DC1D10009A5F4 /* HomeListWidgetModel.m */,
				514FCCA2234DC1960009A5F4 /* HomeListViewModel.h */,
				514FCCA3234DC1960009A5F4 /* HomeListViewModel.m */,
				514FCCA5234DC1AF0009A5F4 /* HomeListCell.h */,
				514FCCA6234DC1AF0009A5F4 /* HomeListCell.m */,
			);
			path = HomePage;
			sourceTree = "<group>";
		};
		514FCCAF234DD4EB0009A5F4 /* NormalList */ = {
			isa = PBXGroup;
			children = (
				514FCCB0234DD52B0009A5F4 /* NormalViewController.h */,
				514FCCB1234DD52B0009A5F4 /* NormalViewController.m */,
				514FCCBF234DE4490009A5F4 /* NormalListWidgetModel.h */,
				514FCCC0234DE4490009A5F4 /* NormalListWidgetModel.m */,
				514FCCBC234DE2AC0009A5F4 /* NormalListViewModel.h */,
				514FCCBD234DE2AC0009A5F4 /* NormalListViewModel.m */,
				514FCCC2234DE4710009A5F4 /* NormalListCell.h */,
				514FCCC3234DE4710009A5F4 /* NormalListCell.m */,
				514FCCC5234DE8500009A5F4 /* NormalListHttpModel.h */,
				514FCCC6234DE8500009A5F4 /* NormalListHttpModel.m */,
			);
			path = NormalList;
			sourceTree = "<group>";
		};
		514FCCB9234DDA640009A5F4 /* Utils */ = {
			isa = PBXGroup;
			children = (
				514FCCBA234DDA840009A5F4 /* Constant.h */,
			);
			path = Utils;
			sourceTree = "<group>";
		};
/* End PBXGroup section */

/* Begin PBXNativeTarget section */
		514237D0230BA0920070D413 /* GLBaseUIDemo */ = {
			isa = PBXNativeTarget;
			buildConfigurationList = 514237E7230BA0920070D413 /* Build configuration list for PBXNativeTarget "GLBaseUIDemo" */;
			buildPhases = (
				514237CD230BA0920070D413 /* Sources */,
				514237CE230BA0920070D413 /* Frameworks */,
				514237CF230BA0920070D413 /* Resources */,
			);
			buildRules = (
			);
			dependencies = (
			);
			name = GLBaseUIDemo;
			productName = GLBaseUIDemo;
			productReference = 514237D1230BA0920070D413 /* GLBaseUIDemo.app */;
			productType = "com.apple.product-type.application";
		};
/* End PBXNativeTarget section */

/* Begin PBXProject section */
		514237C9230BA0920070D413 /* Project object */ = {
			isa = PBXProject;
			attributes = {
				LastUpgradeCheck = 1030;
				ORGANIZATIONNAME = "Gan Lan";
				TargetAttributes = {
					514237D0230BA0920070D413 = {
						CreatedOnToolsVersion = 10.3;
					};
				};
			};
			buildConfigurationList = 514237CC230BA0920070D413 /* Build configuration list for PBXProject "GLBaseUIDemo" */;
			compatibilityVersion = "Xcode 9.3";
			developmentRegion = en;
			hasScannedForEncodings = 0;
			knownRegions = (
				en,
				Base,
			);
			mainGroup = 514237C8230BA0920070D413;
			productRefGroup = 514237D2230BA0920070D413 /* Products */;
			projectDirPath = "";
			projectRoot = "";
			targets = (
				514237D0230BA0920070D413 /* GLBaseUIDemo */,
			);
		};
/* End PBXProject section */

/* Begin PBXResourcesBuildPhase section */
		514237CF230BA0920070D413 /* Resources */ = {
			isa = PBXResourcesBuildPhase;
			buildActionMask = 2147483647;
			files = (
				514237E1230BA0920070D413 /* LaunchScreen.storyboard in Resources */,
				514237DE230BA0920070D413 /* Assets.xcassets in Resources */,
				514237DC230BA0920070D413 /* Main.storyboard in Resources */,
			);
			runOnlyForDeploymentPostprocessing = 0;
		};
/* End PBXResourcesBuildPhase section */

/* Begin PBXSourcesBuildPhase section */
		514237CD230BA0920070D413 /* Sources */ = {
			isa = PBXSourcesBuildPhase;
			buildActionMask = 2147483647;
			files = (
				514FCCBE234DE2AC0009A5F4 /* NormalListViewModel.m in Sources */,
				514FCCB5234DD7E20009A5F4 /* BaseNavigationController.m in Sources */,
				514FCCAA234DC1D10009A5F4 /* HomeListWidgetModel.m in Sources */,
				5121E16E234C96A300331F49 /* NSLayoutConstraint+MASDebugAdditions.m in Sources */,
				5121E185234CA38D00331F49 /* GLCollectionReusableView.m in Sources */,
				518A198F23420EA900B4CE7E /* GLBaseHttpModel.m in Sources */,
				5121E175234C96A300331F49 /* MASConstraint.m in Sources */,
				5121E176234C96A300331F49 /* MASViewConstraint.m in Sources */,
				5121E16F234C96A300331F49 /* ViewController+MASAdditions.m in Sources */,
				514FCCA4234DC1960009A5F4 /* HomeListViewModel.m in Sources */,
				514FCCB8234DD8400009A5F4 /* BaseViewController.m in Sources */,
				5121E177234C96A300331F49 /* MASViewAttribute.m in Sources */,
				518A198C23420BCC00B4CE7E /* GLCollectionReusableViewModel.m in Sources */,
				5121E170234C96A300331F49 /* MASCompositeConstraint.m in Sources */,
				514FCCA7234DC1AF0009A5F4 /* HomeListCell.m in Sources */,
				5121E174234C96A300331F49 /* View+MASAdditions.m in Sources */,
				5121E181234CA2CF00331F49 /* NSObject+YYModel.m in Sources */,
				514FCC9A234D8E870009A5F4 /* GLCollectionViewLayoutAttributes.m in Sources */,
				514237F7230BA6250070D413 /* GLBaseWidgetModel.m in Sources */,
				5121E182234CA2CF00331F49 /* YYClassInfo.m in Sources */,
				5121E172234C96A300331F49 /* MASLayoutConstraint.m in Sources */,
				5121E171234C96A300331F49 /* MASConstraintMaker.m in Sources */,
				514237E4230BA0920070D413 /* main.m in Sources */,
				514237D6230BA0920070D413 /* AppDelegate.m in Sources */,
				514FCCC1234DE4490009A5F4 /* NormalListWidgetModel.m in Sources */,
				514FCCC4234DE4710009A5F4 /* NormalListCell.m in Sources */,
				514FCCC7234DE8500009A5F4 /* NormalListHttpModel.m in Sources */,
				514237FA230BA64A0070D413 /* GLBaseWidgetView.m in Sources */,
				514FCCAD234DCE4D0009A5F4 /* HomeViewController.m in Sources */,
				514FCCB2234DD52B0009A5F4 /* NormalViewController.m in Sources */,
				5121E173234C96A300331F49 /* NSArray+MASAdditions.m in Sources */,
				514FCCA0234DB3120009A5F4 /* GLCollectionViewCell.m in Sources */,
				5121E152234C95D000331F49 /* GLCollectionViewFlowLayout.m in Sources */,
				514237F4230BA6020070D413 /* GLBaseViewModel.m in Sources */,
				514FCC9D234D8F720009A5F4 /* UIView+GLExt.m in Sources */,
				514237F1230BA28F0070D413 /* GLCollectionView.m in Sources */,
			);
			runOnlyForDeploymentPostprocessing = 0;
		};
/* End PBXSourcesBuildPhase section */

/* Begin PBXVariantGroup section */
		514237DA230BA0920070D413 /* Main.storyboard */ = {
			isa = PBXVariantGroup;
			children = (
				514237DB230BA0920070D413 /* Base */,
			);
			name = Main.storyboard;
			sourceTree = "<group>";
		};
		514237DF230BA0920070D413 /* LaunchScreen.storyboard */ = {
			isa = PBXVariantGroup;
			children = (
				514237E0230BA0920070D413 /* Base */,
			);
			name = LaunchScreen.storyboard;
			sourceTree = "<group>";
		};
/* End PBXVariantGroup section */

/* Begin XCBuildConfiguration section */
		514237E5230BA0920070D413 /* Debug */ = {
			isa = XCBuildConfiguration;
			buildSettings = {
				ALWAYS_SEARCH_USER_PATHS = NO;
				CLANG_ANALYZER_NONNULL = YES;
				CLANG_ANALYZER_NUMBER_OBJECT_CONVERSION = YES_AGGRESSIVE;
				CLANG_CXX_LANGUAGE_STANDARD = "gnu++14";
				CLANG_CXX_LIBRARY = "libc++";
				CLANG_ENABLE_MODULES = YES;
				CLANG_ENABLE_OBJC_ARC = YES;
				CLANG_ENABLE_OBJC_WEAK = YES;
				CLANG_WARN_BLOCK_CAPTURE_AUTORELEASING = YES;
				CLANG_WARN_BOOL_CONVERSION = YES;
				CLANG_WARN_COMMA = YES;
				CLANG_WARN_CONSTANT_CONVERSION = YES;
				CLANG_WARN_DEPRECATED_OBJC_IMPLEMENTATIONS = YES;
				CLANG_WARN_DIRECT_OBJC_ISA_USAGE = YES_ERROR;
				CLANG_WARN_DOCUMENTATION_COMMENTS = YES;
				CLANG_WARN_EMPTY_BODY = YES;
				CLANG_WARN_ENUM_CONVERSION = YES;
				CLANG_WARN_INFINITE_RECURSION = YES;
				CLANG_WARN_INT_CONVERSION = YES;
				CLANG_WARN_NON_LITERAL_NULL_CONVERSION = YES;
				CLANG_WARN_OBJC_IMPLICIT_RETAIN_SELF = YES;
				CLANG_WARN_OBJC_LITERAL_CONVERSION = YES;
				CLANG_WARN_OBJC_ROOT_CLASS = YES_ERROR;
				CLANG_WARN_RANGE_LOOP_ANALYSIS = YES;
				CLANG_WARN_STRICT_PROTOTYPES = YES;
				CLANG_WARN_SUSPICIOUS_MOVE = YES;
				CLANG_WARN_UNGUARDED_AVAILABILITY = YES_AGGRESSIVE;
				CLANG_WARN_UNREACHABLE_CODE = YES;
				CLANG_WARN__DUPLICATE_METHOD_MATCH = YES;
				CODE_SIGN_IDENTITY = "iPhone Developer";
				COPY_PHASE_STRIP = NO;
				DEBUG_INFORMATION_FORMAT = dwarf;
				ENABLE_STRICT_OBJC_MSGSEND = YES;
				ENABLE_TESTABILITY = YES;
				GCC_C_LANGUAGE_STANDARD = gnu11;
				GCC_DYNAMIC_NO_PIC = NO;
				GCC_NO_COMMON_BLOCKS = YES;
				GCC_OPTIMIZATION_LEVEL = 0;
				GCC_PREPROCESSOR_DEFINITIONS = (
					"DEBUG=1",
					"$(inherited)",
				);
				GCC_WARN_64_TO_32_BIT_CONVERSION = YES;
				GCC_WARN_ABOUT_RETURN_TYPE = YES_ERROR;
				GCC_WARN_UNDECLARED_SELECTOR = YES;
				GCC_WARN_UNINITIALIZED_AUTOS = YES_AGGRESSIVE;
				GCC_WARN_UNUSED_FUNCTION = YES;
				GCC_WARN_UNUSED_VARIABLE = YES;
				IPHONEOS_DEPLOYMENT_TARGET = 12.4;
				MTL_ENABLE_DEBUG_INFO = INCLUDE_SOURCE;
				MTL_FAST_MATH = YES;
				ONLY_ACTIVE_ARCH = YES;
				SDKROOT = iphoneos;
			};
			name = Debug;
		};
		514237E6230BA0920070D413 /* Release */ = {
			isa = XCBuildConfiguration;
			buildSettings = {
				ALWAYS_SEARCH_USER_PATHS = NO;
				CLANG_ANALYZER_NONNULL = YES;
				CLANG_ANALYZER_NUMBER_OBJECT_CONVERSION = YES_AGGRESSIVE;
				CLANG_CXX_LANGUAGE_STANDARD = "gnu++14";
				CLANG_CXX_LIBRARY = "libc++";
				CLANG_ENABLE_MODULES = YES;
				CLANG_ENABLE_OBJC_ARC = YES;
				CLANG_ENABLE_OBJC_WEAK = YES;
				CLANG_WARN_BLOCK_CAPTURE_AUTORELEASING = YES;
				CLANG_WARN_BOOL_CONVERSION = YES;
				CLANG_WARN_COMMA = YES;
				CLANG_WARN_CONSTANT_CONVERSION = YES;
				CLANG_WARN_DEPRECATED_OBJC_IMPLEMENTATIONS = YES;
				CLANG_WARN_DIRECT_OBJC_ISA_USAGE = YES_ERROR;
				CLANG_WARN_DOCUMENTATION_COMMENTS = YES;
				CLANG_WARN_EMPTY_BODY = YES;
				CLANG_WARN_ENUM_CONVERSION = YES;
				CLANG_WARN_INFINITE_RECURSION = YES;
				CLANG_WARN_INT_CONVERSION = YES;
				CLANG_WARN_NON_LITERAL_NULL_CONVERSION = YES;
				CLANG_WARN_OBJC_IMPLICIT_RETAIN_SELF = YES;
				CLANG_WARN_OBJC_LITERAL_CONVERSION = YES;
				CLANG_WARN_OBJC_ROOT_CLASS = YES_ERROR;
				CLANG_WARN_RANGE_LOOP_ANALYSIS = YES;
				CLANG_WARN_STRICT_PROTOTYPES = YES;
				CLANG_WARN_SUSPICIOUS_MOVE = YES;
				CLANG_WARN_UNGUARDED_AVAILABILITY = YES_AGGRESSIVE;
				CLANG_WARN_UNREACHABLE_CODE = YES;
				CLANG_WARN__DUPLICATE_METHOD_MATCH = YES;
				CODE_SIGN_IDENTITY = "iPhone Developer";
				COPY_PHASE_STRIP = NO;
				DEBUG_INFORMATION_FORMAT = "dwarf-with-dsym";
				ENABLE_NS_ASSERTIONS = NO;
				ENABLE_STRICT_OBJC_MSGSEND = YES;
				GCC_C_LANGUAGE_STANDARD = gnu11;
				GCC_NO_COMMON_BLOCKS = YES;
				GCC_WARN_64_TO_32_BIT_CONVERSION = YES;
				GCC_WARN_ABOUT_RETURN_TYPE = YES_ERROR;
				GCC_WARN_UNDECLARED_SELECTOR = YES;
				GCC_WARN_UNINITIALIZED_AUTOS = YES_AGGRESSIVE;
				GCC_WARN_UNUSED_FUNCTION = YES;
				GCC_WARN_UNUSED_VARIABLE = YES;
				IPHONEOS_DEPLOYMENT_TARGET = 12.4;
				MTL_ENABLE_DEBUG_INFO = NO;
				MTL_FAST_MATH = YES;
				SDKROOT = iphoneos;
				VALIDATE_PRODUCT = YES;
			};
			name = Release;
		};
		514237E8230BA0920070D413 /* Debug */ = {
			isa = XCBuildConfiguration;
			buildSettings = {
				ASSETCATALOG_COMPILER_APPICON_NAME = AppIcon;
				CODE_SIGN_STYLE = Automatic;
				DEVELOPMENT_TEAM = U8VP94E9PV;
				GCC_PREFIX_HEADER = GLBaseUIDemo/PrefixHeader.pch;
				INFOPLIST_FILE = GLBaseUIDemo/Info.plist;
				LD_RUNPATH_SEARCH_PATHS = (
					"$(inherited)",
					"@executable_path/Frameworks",
				);
				PRODUCT_BUNDLE_IDENTIFIER = com.wyhgl.GLBaseUIDemo;
				PRODUCT_NAME = "$(TARGET_NAME)";
				TARGETED_DEVICE_FAMILY = "1,2";
			};
			name = Debug;
		};
		514237E9230BA0920070D413 /* Release */ = {
			isa = XCBuildConfiguration;
			buildSettings = {
				ASSETCATALOG_COMPILER_APPICON_NAME = AppIcon;
				CODE_SIGN_STYLE = Automatic;
				DEVELOPMENT_TEAM = U8VP94E9PV;
				GCC_PREFIX_HEADER = GLBaseUIDemo/PrefixHeader.pch;
				INFOPLIST_FILE = GLBaseUIDemo/Info.plist;
				LD_RUNPATH_SEARCH_PATHS = (
					"$(inherited)",
					"@executable_path/Frameworks",
				);
				PRODUCT_BUNDLE_IDENTIFIER = com.wyhgl.GLBaseUIDemo;
				PRODUCT_NAME = "$(TARGET_NAME)";
				TARGETED_DEVICE_FAMILY = "1,2";
			};
			name = Release;
		};
/* End XCBuildConfiguration section */

/* Begin XCConfigurationList section */
		514237CC230BA0920070D413 /* Build configuration list for PBXProject "GLBaseUIDemo" */ = {
			isa = XCConfigurationList;
			buildConfigurations = (
				514237E5230BA0920070D413 /* Debug */,
				514237E6230BA0920070D413 /* Release */,
			);
			defaultConfigurationIsVisible = 0;
			defaultConfigurationName = Release;
		};
		514237E7230BA0920070D413 /* Build configuration list for PBXNativeTarget "GLBaseUIDemo" */ = {
			isa = XCConfigurationList;
			buildConfigurations = (
				514237E8230BA0920070D413 /* Debug */,
				514237E9230BA0920070D413 /* Release */,
			);
			defaultConfigurationIsVisible = 0;
			defaultConfigurationName = Release;
		};
/* End XCConfigurationList section */
	};
	rootObject = 514237C9230BA0920070D413 /* Project object */;
}
